# This file is generated by running "yarn install" inside your project.
# Manual changes might be lost - proceed with caution!

__metadata:
  version: 6
  cacheKey: 8

"@esbuild/android-arm@npm:0.15.8":
  version: 0.15.8
  resolution: "@esbuild/android-arm@npm:0.15.8"
  dependencies:
    esbuild-wasm: 0.15.8
  conditions: os=android & cpu=arm
  languageName: node
  linkType: hard

"@esbuild/linux-loong64@npm:0.15.8":
  version: 0.15.8
  resolution: "@esbuild/linux-loong64@npm:0.15.8"
  conditions: os=linux & cpu=loong64
  languageName: node
  linkType: hard

"@heptacode/http-request@workspace:.":
  version: 0.0.0-use.local
  resolution: "@heptacode/http-request@workspace:."
  dependencies:
    "@types/node": ^18.7
    "@yarnpkg/esbuild-plugin-pnp": ^3.0.0-rc.15
    axios: ^0.27
    esbuild: ^0.15
    execa: ^6.1
    prettier: ^2.7.1
    typescript: ^4.8
  languageName: unknown
  linkType: soft

"@types/node@npm:^18.7":
  version: 18.7.18
  resolution: "@types/node@npm:18.7.18"
  checksum: 8aec61f0f96e2a69ce51f1f40f949ca578bbb4fe05d7c0b8ce3aeeb848e90f755837f17f6ac132ca404d974fe9b2974150ad3b4984fc9dc7c3ceddb10bae0167
  languageName: node
  linkType: hard

"@yarnpkg/esbuild-plugin-pnp@npm:^3.0.0-rc.15":
  version: 3.0.0-rc.15
  resolution: "@yarnpkg/esbuild-plugin-pnp@npm:3.0.0-rc.15"
  dependencies:
    tslib: ^2.4.0
  peerDependencies:
    esbuild: ">=0.10.0"
  checksum: 04da15355a99773b441742814ba4d0f3453a83df47aa07e215f167e156f109ab8e971489c8b1a4ddf3c79d568d35213f496ad52e97298228597e1aacc22680aa
  languageName: node
  linkType: hard

"asynckit@npm:^0.4.0":
  version: 0.4.0
  resolution: "asynckit@npm:0.4.0"
  checksum: 7b78c451df768adba04e2d02e63e2d0bf3b07adcd6e42b4cf665cb7ce899bedd344c69a1dcbce355b5f972d597b25aaa1c1742b52cffd9caccb22f348114f6be
  languageName: node
  linkType: hard

"axios@npm:^0.27":
  version: 0.27.2
  resolution: "axios@npm:0.27.2"
  dependencies:
    follow-redirects: ^1.14.9
    form-data: ^4.0.0
  checksum: 38cb7540465fe8c4102850c4368053c21683af85c5fdf0ea619f9628abbcb59415d1e22ebc8a6390d2bbc9b58a9806c874f139767389c862ec9b772235f06854
  languageName: node
  linkType: hard

"combined-stream@npm:^1.0.8":
  version: 1.0.8
  resolution: "combined-stream@npm:1.0.8"
  dependencies:
    delayed-stream: ~1.0.0
  checksum: 49fa4aeb4916567e33ea81d088f6584749fc90c7abec76fd516bf1c5aa5c79f3584b5ba3de6b86d26ddd64bae5329c4c7479343250cfe71c75bb366eae53bb7c
  languageName: node
  linkType: hard

"cross-spawn@npm:^7.0.3":
  version: 7.0.3
  resolution: "cross-spawn@npm:7.0.3"
  dependencies:
    path-key: ^3.1.0
    shebang-command: ^2.0.0
    which: ^2.0.1
  checksum: 671cc7c7288c3a8406f3c69a3ae2fc85555c04169e9d611def9a675635472614f1c0ed0ef80955d5b6d4e724f6ced67f0ad1bb006c2ea643488fcfef994d7f52
  languageName: node
  linkType: hard

"delayed-stream@npm:~1.0.0":
  version: 1.0.0
  resolution: "delayed-stream@npm:1.0.0"
  checksum: 46fe6e83e2cb1d85ba50bd52803c68be9bd953282fa7096f51fc29edd5d67ff84ff753c51966061e5ba7cb5e47ef6d36a91924eddb7f3f3483b1c560f77a0020
  languageName: node
  linkType: hard

"esbuild-android-64@npm:0.15.8":
  version: 0.15.8
  resolution: "esbuild-android-64@npm:0.15.8"
  dependencies:
    esbuild-wasm: 0.15.8
  conditions: os=android & cpu=x64
  languageName: node
  linkType: hard

"esbuild-android-arm64@npm:0.15.8":
  version: 0.15.8
  resolution: "esbuild-android-arm64@npm:0.15.8"
  conditions: os=android & cpu=arm64
  languageName: node
  linkType: hard

"esbuild-darwin-64@npm:0.15.8":
  version: 0.15.8
  resolution: "esbuild-darwin-64@npm:0.15.8"
  conditions: os=darwin & cpu=x64
  languageName: node
  linkType: hard

"esbuild-darwin-arm64@npm:0.15.8":
  version: 0.15.8
  resolution: "esbuild-darwin-arm64@npm:0.15.8"
  conditions: os=darwin & cpu=arm64
  languageName: node
  linkType: hard

"esbuild-freebsd-64@npm:0.15.8":
  version: 0.15.8
  resolution: "esbuild-freebsd-64@npm:0.15.8"
  conditions: os=freebsd & cpu=x64
  languageName: node
  linkType: hard

"esbuild-freebsd-arm64@npm:0.15.8":
  version: 0.15.8
  resolution: "esbuild-freebsd-arm64@npm:0.15.8"
  conditions: os=freebsd & cpu=arm64
  languageName: node
  linkType: hard

"esbuild-linux-32@npm:0.15.8":
  version: 0.15.8
  resolution: "esbuild-linux-32@npm:0.15.8"
  conditions: os=linux & cpu=ia32
  languageName: node
  linkType: hard

"esbuild-linux-64@npm:0.15.8":
  version: 0.15.8
  resolution: "esbuild-linux-64@npm:0.15.8"
  conditions: os=linux & cpu=x64
  languageName: node
  linkType: hard

"esbuild-linux-arm64@npm:0.15.8":
  version: 0.15.8
  resolution: "esbuild-linux-arm64@npm:0.15.8"
  conditions: os=linux & cpu=arm64
  languageName: node
  linkType: hard

"esbuild-linux-arm@npm:0.15.8":
  version: 0.15.8
  resolution: "esbuild-linux-arm@npm:0.15.8"
  conditions: os=linux & cpu=arm
  languageName: node
  linkType: hard

"esbuild-linux-mips64le@npm:0.15.8":
  version: 0.15.8
  resolution: "esbuild-linux-mips64le@npm:0.15.8"
  conditions: os=linux & cpu=mips64el
  languageName: node
  linkType: hard

"esbuild-linux-ppc64le@npm:0.15.8":
  version: 0.15.8
  resolution: "esbuild-linux-ppc64le@npm:0.15.8"
  conditions: os=linux & cpu=ppc64
  languageName: node
  linkType: hard

"esbuild-linux-riscv64@npm:0.15.8":
  version: 0.15.8
  resolution: "esbuild-linux-riscv64@npm:0.15.8"
  conditions: os=linux & cpu=riscv64
  languageName: node
  linkType: hard

"esbuild-linux-s390x@npm:0.15.8":
  version: 0.15.8
  resolution: "esbuild-linux-s390x@npm:0.15.8"
  conditions: os=linux & cpu=s390x
  languageName: node
  linkType: hard

"esbuild-netbsd-64@npm:0.15.8":
  version: 0.15.8
  resolution: "esbuild-netbsd-64@npm:0.15.8"
  conditions: os=netbsd & cpu=x64
  languageName: node
  linkType: hard

"esbuild-openbsd-64@npm:0.15.8":
  version: 0.15.8
  resolution: "esbuild-openbsd-64@npm:0.15.8"
  conditions: os=openbsd & cpu=x64
  languageName: node
  linkType: hard

"esbuild-sunos-64@npm:0.15.8":
  version: 0.15.8
  resolution: "esbuild-sunos-64@npm:0.15.8"
  conditions: os=sunos & cpu=x64
  languageName: node
  linkType: hard

"esbuild-wasm@npm:0.15.8":
  version: 0.15.8
  resolution: "esbuild-wasm@npm:0.15.8"
  bin:
    esbuild: bin/esbuild
  checksum: 54797a22f42b572ca7f314cb95a8d130f85948a9557bb03775ebdd2f76d60f164ac2a80bb1ee8339f8a7445a1bc5ab28e1b48584c0573aeca9366119dbad7448
  languageName: node
  linkType: hard

"esbuild-windows-32@npm:0.15.8":
  version: 0.15.8
  resolution: "esbuild-windows-32@npm:0.15.8"
  conditions: os=win32 & cpu=ia32
  languageName: node
  linkType: hard

"esbuild-windows-64@npm:0.15.8":
  version: 0.15.8
  resolution: "esbuild-windows-64@npm:0.15.8"
  conditions: os=win32 & cpu=x64
  languageName: node
  linkType: hard

"esbuild-windows-arm64@npm:0.15.8":
  version: 0.15.8
  resolution: "esbuild-windows-arm64@npm:0.15.8"
  conditions: os=win32 & cpu=arm64
  languageName: node
  linkType: hard

"esbuild@npm:^0.15":
  version: 0.15.8
  resolution: "esbuild@npm:0.15.8"
  dependencies:
    "@esbuild/android-arm": 0.15.8
    "@esbuild/linux-loong64": 0.15.8
    esbuild-android-64: 0.15.8
    esbuild-android-arm64: 0.15.8
    esbuild-darwin-64: 0.15.8
    esbuild-darwin-arm64: 0.15.8
    esbuild-freebsd-64: 0.15.8
    esbuild-freebsd-arm64: 0.15.8
    esbuild-linux-32: 0.15.8
    esbuild-linux-64: 0.15.8
    esbuild-linux-arm: 0.15.8
    esbuild-linux-arm64: 0.15.8
    esbuild-linux-mips64le: 0.15.8
    esbuild-linux-ppc64le: 0.15.8
    esbuild-linux-riscv64: 0.15.8
    esbuild-linux-s390x: 0.15.8
    esbuild-netbsd-64: 0.15.8
    esbuild-openbsd-64: 0.15.8
    esbuild-sunos-64: 0.15.8
    esbuild-windows-32: 0.15.8
    esbuild-windows-64: 0.15.8
    esbuild-windows-arm64: 0.15.8
  dependenciesMeta:
    "@esbuild/android-arm":
      optional: true
    "@esbuild/linux-loong64":
      optional: true
    esbuild-android-64:
      optional: true
    esbuild-android-arm64:
      optional: true
    esbuild-darwin-64:
      optional: true
    esbuild-darwin-arm64:
      optional: true
    esbuild-freebsd-64:
      optional: true
    esbuild-freebsd-arm64:
      optional: true
    esbuild-linux-32:
      optional: true
    esbuild-linux-64:
      optional: true
    esbuild-linux-arm:
      optional: true
    esbuild-linux-arm64:
      optional: true
    esbuild-linux-mips64le:
      optional: true
    esbuild-linux-ppc64le:
      optional: true
    esbuild-linux-riscv64:
      optional: true
    esbuild-linux-s390x:
      optional: true
    esbuild-netbsd-64:
      optional: true
    esbuild-openbsd-64:
      optional: true
    esbuild-sunos-64:
      optional: true
    esbuild-windows-32:
      optional: true
    esbuild-windows-64:
      optional: true
    esbuild-windows-arm64:
      optional: true
  bin:
    esbuild: bin/esbuild
  checksum: 96991dd4bdd628a62d8b962b1e8f1cf6f71ffb06f2c8c8615cba326a2f1800a0029b602c9c5ced0db43d78026ee2cce8bd4c3990411cb0081ede297627735d9d
  languageName: node
  linkType: hard

"execa@npm:^6.1":
  version: 6.1.0
  resolution: "execa@npm:6.1.0"
  dependencies:
    cross-spawn: ^7.0.3
    get-stream: ^6.0.1
    human-signals: ^3.0.1
    is-stream: ^3.0.0
    merge-stream: ^2.0.0
    npm-run-path: ^5.1.0
    onetime: ^6.0.0
    signal-exit: ^3.0.7
    strip-final-newline: ^3.0.0
  checksum: 1a4af799839134f5c72eb63d525b87304c1114a63aa71676c91d57ccef2e26f2f53e14c11384ab11c4ec479be1efa83d11c8190e00040355c2c5c3364327fa8e
  languageName: node
  linkType: hard

"follow-redirects@npm:^1.14.9":
  version: 1.15.2
  resolution: "follow-redirects@npm:1.15.2"
  peerDependenciesMeta:
    debug:
      optional: true
  checksum: faa66059b66358ba65c234c2f2a37fcec029dc22775f35d9ad6abac56003268baf41e55f9ee645957b32c7d9f62baf1f0b906e68267276f54ec4b4c597c2b190
  languageName: node
  linkType: hard

"form-data@npm:^4.0.0":
  version: 4.0.0
  resolution: "form-data@npm:4.0.0"
  dependencies:
    asynckit: ^0.4.0
    combined-stream: ^1.0.8
    mime-types: ^2.1.12
  checksum: 01135bf8675f9d5c61ff18e2e2932f719ca4de964e3be90ef4c36aacfc7b9cb2fceb5eca0b7e0190e3383fe51c5b37f4cb80b62ca06a99aaabfcfd6ac7c9328c
  languageName: node
  linkType: hard

"get-stream@npm:^6.0.1":
  version: 6.0.1
  resolution: "get-stream@npm:6.0.1"
  checksum: e04ecece32c92eebf5b8c940f51468cd53554dcbb0ea725b2748be583c9523d00128137966afce410b9b051eb2ef16d657cd2b120ca8edafcf5a65e81af63cad
  languageName: node
  linkType: hard

"human-signals@npm:^3.0.1":
  version: 3.0.1
  resolution: "human-signals@npm:3.0.1"
  checksum: f252a7769c8094a5c9dc6772816bdb417b188820b04c8b42d0fc468e03a0ba905b1dd07afabe9385cc83504af1ccc2b985cd1e4aeeeb8e0029896c5af2e6f354
  languageName: node
  linkType: hard

"is-stream@npm:^3.0.0":
  version: 3.0.0
  resolution: "is-stream@npm:3.0.0"
  checksum: 172093fe99119ffd07611ab6d1bcccfe8bc4aa80d864b15f43e63e54b7abc71e779acd69afdb854c4e2a67fdc16ae710e370eda40088d1cfc956a50ed82d8f16
  languageName: node
  linkType: hard

"isexe@npm:^2.0.0":
  version: 2.0.0
  resolution: "isexe@npm:2.0.0"
  checksum: 26bf6c5480dda5161c820c5b5c751ae1e766c587b1f951ea3fcfc973bafb7831ae5b54a31a69bd670220e42e99ec154475025a468eae58ea262f813fdc8d1c62
  languageName: node
  linkType: hard

"merge-stream@npm:^2.0.0":
  version: 2.0.0
  resolution: "merge-stream@npm:2.0.0"
  checksum: 6fa4dcc8d86629705cea944a4b88ef4cb0e07656ebf223fa287443256414283dd25d91c1cd84c77987f2aec5927af1a9db6085757cb43d90eb170ebf4b47f4f4
  languageName: node
  linkType: hard

"mime-db@npm:1.52.0":
  version: 1.52.0
  resolution: "mime-db@npm:1.52.0"
  checksum: 0d99a03585f8b39d68182803b12ac601d9c01abfa28ec56204fa330bc9f3d1c5e14beb049bafadb3dbdf646dfb94b87e24d4ec7b31b7279ef906a8ea9b6a513f
  languageName: node
  linkType: hard

"mime-types@npm:^2.1.12":
  version: 2.1.35
  resolution: "mime-types@npm:2.1.35"
  dependencies:
    mime-db: 1.52.0
  checksum: 89a5b7f1def9f3af5dad6496c5ed50191ae4331cc5389d7c521c8ad28d5fdad2d06fd81baf38fed813dc4e46bb55c8145bb0ff406330818c9cf712fb2e9b3836
  languageName: node
  linkType: hard

"mimic-fn@npm:^4.0.0":
  version: 4.0.0
  resolution: "mimic-fn@npm:4.0.0"
  checksum: 995dcece15ee29aa16e188de6633d43a3db4611bcf93620e7e62109ec41c79c0f34277165b8ce5e361205049766e371851264c21ac64ca35499acb5421c2ba56
  languageName: node
  linkType: hard

"npm-run-path@npm:^5.1.0":
  version: 5.1.0
  resolution: "npm-run-path@npm:5.1.0"
  dependencies:
    path-key: ^4.0.0
  checksum: dc184eb5ec239d6a2b990b43236845332ef12f4e0beaa9701de724aa797fe40b6bbd0157fb7639d24d3ab13f5d5cf22d223a19c6300846b8126f335f788bee66
  languageName: node
  linkType: hard

"onetime@npm:^6.0.0":
  version: 6.0.0
  resolution: "onetime@npm:6.0.0"
  dependencies:
    mimic-fn: ^4.0.0
  checksum: 0846ce78e440841335d4e9182ef69d5762e9f38aa7499b19f42ea1c4cd40f0b4446094c455c713f9adac3f4ae86f613bb5e30c99e52652764d06a89f709b3788
  languageName: node
  linkType: hard

"path-key@npm:^3.1.0":
  version: 3.1.1
  resolution: "path-key@npm:3.1.1"
  checksum: 55cd7a9dd4b343412a8386a743f9c746ef196e57c823d90ca3ab917f90ab9f13dd0ded27252ba49dbdfcab2b091d998bc446f6220cd3cea65db407502a740020
  languageName: node
  linkType: hard

"path-key@npm:^4.0.0":
  version: 4.0.0
  resolution: "path-key@npm:4.0.0"
  checksum: 8e6c314ae6d16b83e93032c61020129f6f4484590a777eed709c4a01b50e498822b00f76ceaf94bc64dbd90b327df56ceadce27da3d83393790f1219e07721d7
  languageName: node
  linkType: hard

"prettier@npm:^2.7.1":
  version: 2.7.1
  resolution: "prettier@npm:2.7.1"
  bin:
    prettier: bin-prettier.js
  checksum: 55a4409182260866ab31284d929b3cb961e5fdb91fe0d2e099dac92eaecec890f36e524b4c19e6ceae839c99c6d7195817579cdffc8e2c80da0cb794463a748b
  languageName: node
  linkType: hard

"shebang-command@npm:^2.0.0":
  version: 2.0.0
  resolution: "shebang-command@npm:2.0.0"
  dependencies:
    shebang-regex: ^3.0.0
  checksum: 6b52fe87271c12968f6a054e60f6bde5f0f3d2db483a1e5c3e12d657c488a15474121a1d55cd958f6df026a54374ec38a4a963988c213b7570e1d51575cea7fa
  languageName: node
  linkType: hard

"shebang-regex@npm:^3.0.0":
  version: 3.0.0
  resolution: "shebang-regex@npm:3.0.0"
  checksum: 1a2bcae50de99034fcd92ad4212d8e01eedf52c7ec7830eedcf886622804fe36884278f2be8be0ea5fde3fd1c23911643a4e0f726c8685b61871c8908af01222
  languageName: node
  linkType: hard

"signal-exit@npm:^3.0.7":
  version: 3.0.7
  resolution: "signal-exit@npm:3.0.7"
  checksum: a2f098f247adc367dffc27845853e9959b9e88b01cb301658cfe4194352d8d2bb32e18467c786a7fe15f1d44b233ea35633d076d5e737870b7139949d1ab6318
  languageName: node
  linkType: hard

"strip-final-newline@npm:^3.0.0":
  version: 3.0.0
  resolution: "strip-final-newline@npm:3.0.0"
  checksum: 23ee263adfa2070cd0f23d1ac14e2ed2f000c9b44229aec9c799f1367ec001478469560abefd00c5c99ee6f0b31c137d53ec6029c53e9f32a93804e18c201050
  languageName: node
  linkType: hard

"tslib@npm:^2.4.0":
  version: 2.4.0
  resolution: "tslib@npm:2.4.0"
  checksum: 8c4aa6a3c5a754bf76aefc38026134180c053b7bd2f81338cb5e5ebf96fefa0f417bff221592bf801077f5bf990562f6264fecbc42cd3309b33872cb6fc3b113
  languageName: node
  linkType: hard

"typescript@npm:^4.8":
  version: 4.8.3
  resolution: "typescript@npm:4.8.3"
  bin:
    tsc: bin/tsc
    tsserver: bin/tsserver
  checksum: 8286a5edcaf3d68e65c451aa1e7150ad1cf53ee0813c07ec35b7abdfdb10f355ecaa13c6a226a694ae7a67785fd7eeebf89f845da0b4f7e4a35561ddc459aba0
  languageName: node
  linkType: hard

"typescript@patch:typescript@^4.8#~builtin<compat/typescript>":
  version: 4.8.3
  resolution: "typescript@patch:typescript@npm%3A4.8.3#~builtin<compat/typescript>::version=4.8.3&hash=701156"
  bin:
    tsc: bin/tsc
    tsserver: bin/tsserver
  checksum: 2222d2382fb3146089b1d27ce2b55e9d1f99cc64118f1aba75809b693b856c5d3c324f052f60c75b577947fc538bc1c27bad0eb76cbdba9a63a253489504ba7e
  languageName: node
  linkType: hard

"which@npm:^2.0.1":
  version: 2.0.2
  resolution: "which@npm:2.0.2"
  dependencies:
    isexe: ^2.0.0
  bin:
    node-which: ./bin/node-which
  checksum: 1a5c563d3c1b52d5f893c8b61afe11abc3bab4afac492e8da5bde69d550de701cf9806235f20a47b5c8fa8a1d6a9135841de2596535e998027a54589000e66d1
  languageName: node
  linkType: hard
